Microsoft Visual Studio Solution File, Format Version 12.00
# Visual Studio Version 17
VisualStudioVersion = 17.5.2.0
MinimumVisualStudioVersion = 10.0.40219.1
Project("{FAE04EC0-301F-11D3-BF4B-00C04F79EFBC}") = "OddEvenNumbers", "OddEvenNumbers\OddEvenNumbers.csproj", "{3182AFD8-A9B4-96D6-AEC7-FC49C32D37EE}"
EndProject
Global
	GlobalSection(SolutionConfigurationPlatforms) = preSolution
		Debug|Any CPU = Debug|Any CPU
		Release|Any CPU = Release|Any CPU
	EndGlobalSection
	GlobalSection(ProjectConfigurationPlatforms) = postSolution
		{3182AFD8-A9B4-96D6-AEC7-FC49C32D37EE}.Debug|Any CPU.ActiveCfg = Debug|Any CPU
		{3182AFD8-A9B4-96D6-AEC7-FC49C32D37EE}.Debug|Any CPU.Build.0 = Debug|Any CPU
		{3182AFD8-A9B4-96D6-AEC7-FC49C32D37EE}.Release|Any CPU.ActiveCfg = Release|Any CPU
		{3182AFD8-A9B4-96D6-AEC7-FC49C32D37EE}.Release|Any CPU.Build.0 = Release|Any CPU
	EndGlobalSection
	GlobalSection(SolutionProperties) = preSolution
		HideSolutionNode = FALSE
	EndGlobalSection
	GlobalSection(ExtensibilityGlobals) = postSolution
		SolutionGuid = {274F2E01-E243-46D3-8A39-500067479552}
	EndGlobalSection
EndGlobal
